{
    "_meta": {
        "hash": {
            "sha256": "e3d800e58d970ab5a2d1fa87f8b2bceb960159610b6bb1fc68091e9a8374ee30"
        },
        "pipfile-spec": 6,
        "requires": {
            "python_version": "3.7"
        },
        "sources": [
            {
                "name": "pypi",
                "url": "https://pypi.org/simple",
                "verify_ssl": true
            }
        ]
    },
    "default": {
        "appdirs": {
            "hashes": [
                "sha256:9e5896d1372858f8dd3344faf4e5014d21849c756c8d5701f78f8a103b372d92",
                "sha256:d8b24664561d0d34ddfaec54636d502d7cea6e29c3eaf68f3df6180863e2166e"
            ],
            "version": "==1.4.3"
        },
        "apscheduler": {
            "hashes": [
                "sha256:3bb5229eed6fbbdafc13ce962712ae66e175aa214c69bed35a06bffcf0c5e244",
                "sha256:e8b1ecdb4c7cb2818913f766d5898183c7cb8936680710a4d3a966e02262e526"
            ],
            "index": "pypi",
            "version": "==3.6.3"
        },
        "argh": {
            "hashes": [
                "sha256:a9b3aaa1904eeb78e32394cd46c6f37ac0fb4af6dc488daa58971bdc7d7fcaf3",
                "sha256:e9535b8c84dc9571a48999094fda7f33e63c3f1b74f3e5f3ac0105a58405bb65"
            ],
            "version": "==0.26.2"
        },
        "attrs": {
            "hashes": [
                "sha256:08a96c641c3a74e44eb59afb61a24f2cb9f4d7188748e76ba4bb5edfa3cb7d1c",
                "sha256:f7b7ce16570fe9965acd6d30101a28f62fb4a7f9e926b3bbc9b61f8b04247e72"
            ],
            "version": "==19.3.0"
        },
        "beautifultable": {
            "hashes": [
                "sha256:28e2e93d44a4e84511c4869da4b907345435a06728925e295790f24e1d57300c",
                "sha256:d44d9551bbed7bfa88675324f84efb9aa857384d44e9fb21eb530f0a0badb815"
            ],
            "index": "pypi",
            "version": "==0.8.0"
        },
        "casperlabs-client": {
            "hashes": [
                "sha256:1a9d621a99236c2503212ef96ff092cf7abd5cd7466359f65d276deb4734e86e"
            ],
            "index": "pypi",
            "version": "==0.7.8"
        },
        "cffi": {
            "hashes": [
                "sha256:001bf3242a1bb04d985d63e138230802c6c8d4db3668fb545fb5005ddf5bb5ff",
                "sha256:00789914be39dffba161cfc5be31b55775de5ba2235fe49aa28c148236c4e06b",
                "sha256:028a579fc9aed3af38f4892bdcc7390508adabc30c6af4a6e4f611b0c680e6ac",
                "sha256:14491a910663bf9f13ddf2bc8f60562d6bc5315c1f09c704937ef17293fb85b0",
                "sha256:1cae98a7054b5c9391eb3249b86e0e99ab1e02bb0cc0575da191aedadbdf4384",
                "sha256:2089ed025da3919d2e75a4d963d008330c96751127dd6f73c8dc0c65041b4c26",
                "sha256:2d384f4a127a15ba701207f7639d94106693b6cd64173d6c8988e2c25f3ac2b6",
                "sha256:337d448e5a725bba2d8293c48d9353fc68d0e9e4088d62a9571def317797522b",
                "sha256:399aed636c7d3749bbed55bc907c3288cb43c65c4389964ad5ff849b6370603e",
                "sha256:3b911c2dbd4f423b4c4fcca138cadde747abdb20d196c4a48708b8a2d32b16dd",
                "sha256:3d311bcc4a41408cf5854f06ef2c5cab88f9fded37a3b95936c9879c1640d4c2",
                "sha256:62ae9af2d069ea2698bf536dcfe1e4eed9090211dbaafeeedf5cb6c41b352f66",
                "sha256:66e41db66b47d0d8672d8ed2708ba91b2f2524ece3dee48b5dfb36be8c2f21dc",
                "sha256:675686925a9fb403edba0114db74e741d8181683dcf216be697d208857e04ca8",
                "sha256:7e63cbcf2429a8dbfe48dcc2322d5f2220b77b2e17b7ba023d6166d84655da55",
                "sha256:8a6c688fefb4e1cd56feb6c511984a6c4f7ec7d2a1ff31a10254f3c817054ae4",
                "sha256:8c0ffc886aea5df6a1762d0019e9cb05f825d0eec1f520c51be9d198701daee5",
                "sha256:95cd16d3dee553f882540c1ffe331d085c9e629499ceadfbda4d4fde635f4b7d",
                "sha256:99f748a7e71ff382613b4e1acc0ac83bf7ad167fb3802e35e90d9763daba4d78",
                "sha256:b8c78301cefcf5fd914aad35d3c04c2b21ce8629b5e4f4e45ae6812e461910fa",
                "sha256:c420917b188a5582a56d8b93bdd8e0f6eca08c84ff623a4c16e809152cd35793",
                "sha256:c43866529f2f06fe0edc6246eb4faa34f03fe88b64a0a9a942561c8e22f4b71f",
                "sha256:cab50b8c2250b46fe738c77dbd25ce017d5e6fb35d3407606e7a4180656a5a6a",
                "sha256:cef128cb4d5e0b3493f058f10ce32365972c554572ff821e175dbc6f8ff6924f",
                "sha256:cf16e3cf6c0a5fdd9bc10c21687e19d29ad1fe863372b5543deaec1039581a30",
                "sha256:e56c744aa6ff427a607763346e4170629caf7e48ead6921745986db3692f987f",
                "sha256:e577934fc5f8779c554639376beeaa5657d54349096ef24abe8c74c5d9c117c3",
                "sha256:f2b0fa0c01d8a0c7483afd9f31d7ecf2d71760ca24499c8697aeb5ca37dc090c"
            ],
            "version": "==1.14.0"
        },
        "cryptography": {
            "hashes": [
                "sha256:02079a6addc7b5140ba0825f542c0869ff4df9a69c360e339ecead5baefa843c",
                "sha256:1df22371fbf2004c6f64e927668734070a8953362cd8370ddd336774d6743595",
                "sha256:369d2346db5934345787451504853ad9d342d7f721ae82d098083e1f49a582ad",
                "sha256:3cda1f0ed8747339bbdf71b9f38ca74c7b592f24f65cdb3ab3765e4b02871651",
                "sha256:44ff04138935882fef7c686878e1c8fd80a723161ad6a98da31e14b7553170c2",
                "sha256:4b1030728872c59687badcca1e225a9103440e467c17d6d1730ab3d2d64bfeff",
                "sha256:58363dbd966afb4f89b3b11dfb8ff200058fbc3b947507675c19ceb46104b48d",
                "sha256:6ec280fb24d27e3d97aa731e16207d58bd8ae94ef6eab97249a2afe4ba643d42",
                "sha256:7270a6c29199adc1297776937a05b59720e8a782531f1f122f2eb8467f9aab4d",
                "sha256:73fd30c57fa2d0a1d7a49c561c40c2f79c7d6c374cc7750e9ac7c99176f6428e",
                "sha256:7f09806ed4fbea8f51585231ba742b58cbcfbfe823ea197d8c89a5e433c7e912",
                "sha256:90df0cc93e1f8d2fba8365fb59a858f51a11a394d64dbf3ef844f783844cc793",
                "sha256:971221ed40f058f5662a604bd1ae6e4521d84e6cad0b7b170564cc34169c8f13",
                "sha256:a518c153a2b5ed6b8cc03f7ae79d5ffad7315ad4569b2d5333a13c38d64bd8d7",
                "sha256:b0de590a8b0979649ebeef8bb9f54394d3a41f66c5584fff4220901739b6b2f0",
                "sha256:b43f53f29816ba1db8525f006fa6f49292e9b029554b3eb56a189a70f2a40879",
                "sha256:d31402aad60ed889c7e57934a03477b572a03af7794fa8fb1780f21ea8f6551f",
                "sha256:de96157ec73458a7f14e3d26f17f8128c959084931e8997b9e655a39c8fde9f9",
                "sha256:df6b4dca2e11865e6cfbfb708e800efb18370f5a46fd601d3755bc7f85b3a8a2",
                "sha256:ecadccc7ba52193963c0475ac9f6fa28ac01e01349a2ca48509667ef41ffd2cf",
                "sha256:fb81c17e0ebe3358486cd8cc3ad78adbae58af12fc2bf2bc0bb84e8090fa5ce8"
            ],
            "index": "pypi",
            "version": "==2.8"
        },
        "distlib": {
            "hashes": [
                "sha256:2e166e231a26b36d6dfe35a48c4464346620f8645ed0ace01ee31822b288de21"
            ],
            "version": "==0.3.0"
        },
        "dramatiq": {
            "extras": [
                "rabbitmq",
                "watch"
            ],
            "hashes": [
                "sha256:36302574963fb9bfaed871c2b0d7fbffbcfe9fadaecc8938540901f8aea17eb8",
                "sha256:ad6f3bc958b9a2cfb4246772726ddc863ecc610e48dc8a5c0efa6accd5ea871f"
            ],
            "index": "pypi",
            "version": "==1.8.1"
        },
        "ed25519": {
            "hashes": [
                "sha256:2991b94e1883d1313c956a1e3ced27b8a2fdae23ac40c0d9d0b103d5a70d1d2a"
            ],
            "version": "==1.4"
        },
        "fakeredis": {
            "hashes": [
                "sha256:6cc9ec865ece12e8f4dd260b4f7940fdf630b279aa66c29bb0b84132cf2e79fb",
                "sha256:ec7290d601fa030b03e2a6016b8f5c719ad25db270a6110420e7438289ad22e8"
            ],
            "index": "pypi",
            "version": "==1.2.1"
        },
        "filelock": {
            "hashes": [
                "sha256:18d82244ee114f543149c66a6e0c14e9c4f8a1044b5cdaadd0f82159d6a6ff59",
                "sha256:929b7d63ec5b7d6b71b0fa5ac14e030b3f70b75747cef1b10da9b879fef15836"
            ],
            "version": "==3.0.12"
        },
        "gevent": {
            "hashes": [
                "sha256:0774babec518a24d9a7231d4e689931f31b332c4517a771e532002614e270a64",
                "sha256:0e1e5b73a445fe82d40907322e1e0eec6a6745ca3cea19291c6f9f50117bb7ea",
                "sha256:0ff2b70e8e338cf13bedf146b8c29d475e2a544b5d1fe14045aee827c073842c",
                "sha256:107f4232db2172f7e8429ed7779c10f2ed16616d75ffbe77e0e0c3fcdeb51a51",
                "sha256:14b4d06d19d39a440e72253f77067d27209c67e7611e352f79fe69e0f618f76e",
                "sha256:1b7d3a285978b27b469c0ff5fb5a72bcd69f4306dbbf22d7997d83209a8ba917",
                "sha256:1eb7fa3b9bd9174dfe9c3b59b7a09b768ecd496debfc4976a9530a3e15c990d1",
                "sha256:2711e69788ddb34c059a30186e05c55a6b611cb9e34ac343e69cf3264d42fe1c",
                "sha256:28a0c5417b464562ab9842dd1fb0cc1524e60494641d973206ec24d6ec5f6909",
                "sha256:3249011d13d0c63bea72d91cec23a9cf18c25f91d1f115121e5c9113d753fa12",
                "sha256:44089ed06a962a3a70e96353c981d628b2d4a2f2a75ea5d90f916a62d22af2e8",
                "sha256:4bfa291e3c931ff3c99a349d8857605dca029de61d74c6bb82bd46373959c942",
                "sha256:50024a1ee2cf04645535c5ebaeaa0a60c5ef32e262da981f4be0546b26791950",
                "sha256:53b72385857e04e7faca13c613c07cab411480822ac658d97fd8a4ddbaf715c8",
                "sha256:74b7528f901f39c39cdbb50cdf08f1a2351725d9aebaef212a29abfbb06895ee",
                "sha256:7d0809e2991c9784eceeadef01c27ee6a33ca09ebba6154317a257353e3af922",
                "sha256:896b2b80931d6b13b5d9feba3d4eebc67d5e6ec54f0cf3339d08487d55d93b0e",
                "sha256:8d9ec51cc06580f8c21b41fd3f2b3465197ba5b23c00eb7d422b7ae0380510b0",
                "sha256:9f7a1e96fec45f70ad364e46de32ccacab4d80de238bd3c2edd036867ccd48ad",
                "sha256:ab4dc33ef0e26dc627559786a4fba0c2227f125db85d970abbf85b77506b3f51",
                "sha256:d1e6d1f156e999edab069d79d890859806b555ce4e4da5b6418616322f0a3df1",
                "sha256:d752bcf1b98174780e2317ada12013d612f05116456133a6acf3e17d43b71f05",
                "sha256:e5bcc4270671936349249d26140c267397b7b4b1381f5ec8b13c53c5b53ab6e1"
            ],
            "version": "==1.4.0"
        },
        "greenlet": {
            "hashes": [
                "sha256:000546ad01e6389e98626c1367be58efa613fa82a1be98b0c6fc24b563acc6d0",
                "sha256:0d48200bc50cbf498716712129eef819b1729339e34c3ae71656964dac907c28",
                "sha256:23d12eacffa9d0f290c0fe0c4e81ba6d5f3a5b7ac3c30a5eaf0126bf4deda5c8",
                "sha256:37c9ba82bd82eb6a23c2e5acc03055c0e45697253b2393c9a50cef76a3985304",
                "sha256:51155342eb4d6058a0ffcd98a798fe6ba21195517da97e15fca3db12ab201e6e",
                "sha256:51503524dd6f152ab4ad1fbd168fc6c30b5795e8c70be4410a64940b3abb55c0",
                "sha256:7457d685158522df483196b16ec648b28f8e847861adb01a55d41134e7734122",
                "sha256:8041e2de00e745c0e05a502d6e6db310db7faa7c979b3a5877123548a4c0b214",
                "sha256:81fcd96a275209ef117e9ec91f75c731fa18dcfd9ffaa1c0adbdaa3616a86043",
                "sha256:853da4f9563d982e4121fed8c92eea1a4594a2299037b3034c3c898cb8e933d6",
                "sha256:8b4572c334593d449113f9dc8d19b93b7b271bdbe90ba7509eb178923327b625",
                "sha256:9416443e219356e3c31f1f918a91badf2e37acf297e2fa13d24d1cc2380f8fbc",
                "sha256:9854f612e1b59ec66804931df5add3b2d5ef0067748ea29dc60f0efdcda9a638",
                "sha256:99a26afdb82ea83a265137a398f570402aa1f2b5dfb4ac3300c026931817b163",
                "sha256:a19bf883b3384957e4a4a13e6bd1ae3d85ae87f4beb5957e35b0be287f12f4e4",
                "sha256:a9f145660588187ff835c55a7d2ddf6abfc570c2651c276d3d4be8a2766db490",
                "sha256:ac57fcdcfb0b73bb3203b58a14501abb7e5ff9ea5e2edfa06bb03035f0cff248",
                "sha256:bcb530089ff24f6458a81ac3fa699e8c00194208a724b644ecc68422e1111939",
                "sha256:beeabe25c3b704f7d56b573f7d2ff88fc99f0138e43480cecdfcaa3b87fe4f87",
                "sha256:d634a7ea1fc3380ff96f9e44d8d22f38418c1c381d5fac680b272d7d90883720",
                "sha256:d97b0661e1aead761f0ded3b769044bb00ed5d33e1ec865e891a8b128bf7c656",
                "sha256:e538b8dae561080b542b0f5af64d47ef859f22517f7eca617bb314e0e03fd7ef"
            ],
            "markers": "platform_python_implementation == 'CPython'",
            "version": "==0.4.15"
        },
        "grpcio": {
            "hashes": [
                "sha256:02aef8ef1a5ac5f0836b543e462eb421df6048a7974211a906148053b8055ea6",
                "sha256:07f82aefb4a56c7e1e52b78afb77d446847d27120a838a1a0489260182096045",
                "sha256:1cff47297ee614e7ef66243dc34a776883ab6da9ca129ea114a802c5e58af5c1",
                "sha256:1ec8fc865d8da6d0713e2092a27eee344cd54628b2c2065a0e77fff94df4ae00",
                "sha256:1ef949b15a1f5f30651532a9b54edf3bd7c0b699a10931505fa2c80b2d395942",
                "sha256:209927e65395feb449783943d62a3036982f871d7f4045fadb90b2d82b153ea8",
                "sha256:25c77692ea8c0929d4ad400ea9c3dcbcc4936cee84e437e0ef80da58fa73d88a",
                "sha256:28f27c64dd699b8b10f70da5f9320c1cffcaefca7dd76275b44571bd097f276c",
                "sha256:355bd7d7ce5ff2917d217f0e8ddac568cb7403e1ce1639b35a924db7d13a39b6",
                "sha256:4a0a33ada3f6f94f855f92460896ef08c798dcc5f17d9364d1735c5adc9d7e4a",
                "sha256:4d3b6e66f32528bf43ca2297caca768280a8e068820b1c3dca0fcf9f03c7d6f1",
                "sha256:5121fa96c79fc0ec81825091d0be5c16865f834f41b31da40b08ee60552f9961",
                "sha256:57949756a3ce1f096fa2b00f812755f5ab2effeccedb19feeb7d0deafa3d1de7",
                "sha256:586d931736912865c9790c60ca2db29e8dc4eace160d5a79fec3e58df79a9386",
                "sha256:5ae532b93cf9ce5a2a549b74a2c35e3b690b171ece9358519b3039c7b84c887e",
                "sha256:5dab393ab96b2ce4012823b2f2ed4ee907150424d2f02b97bd6f8dd8f17cc866",
                "sha256:5ebc13451246de82f130e8ee7e723e8d7ae1827f14b7b0218867667b1b12c88d",
                "sha256:68a149a0482d0bc697aac702ec6efb9d380e0afebf9484db5b7e634146528371",
                "sha256:6db7ded10b82592c472eeeba34b9f12d7b0ab1e2dcad12f081b08ebdea78d7d6",
                "sha256:6e545908bcc2ae28e5b190ce3170f92d0438cf26a82b269611390114de0106eb",
                "sha256:6f328a3faaf81a2546a3022b3dfc137cc6d50d81082dbc0c94d1678943f05df3",
                "sha256:706e2dea3de33b0d8884c4d35ecd5911b4ff04d0697c4138096666ce983671a6",
                "sha256:80c3d1ce8820dd819d1c9d6b63b6f445148480a831173b572a9174a55e7abd47",
                "sha256:8111b61eee12d7af5c58f82f2c97c2664677a05df9225ef5cbc2f25398c8c454",
                "sha256:9713578f187fb1c4d00ac554fe1edcc6b3ddd62f5d4eb578b81261115802df8e",
                "sha256:9c0669ba9aebad540fb05a33beb7e659ea6e5ca35833fc5229c20f057db760e8",
                "sha256:9e9cfe55dc7ac2aa47e0fd3285ff829685f96803197042c9d2f0fb44e4b39b2c",
                "sha256:a22daaf30037b8e59d6968c76fe0f7ff062c976c7a026e92fbefc4c4bf3fc5a4",
                "sha256:a25b84e10018875a0f294a7649d07c43e8bc3e6a821714e39e5cd607a36386d7",
                "sha256:a71138366d57901597bfcc52af7f076ab61c046f409c7b429011cd68de8f9fe6",
                "sha256:b4efde5524579a9ce0459ca35a57a48ca878a4973514b8bb88cb80d7c9d34c85",
                "sha256:b78af4d42985ab3143d9882d0006f48d12f1bc4ba88e78f23762777c3ee64571",
                "sha256:bb2987eb3af9bcf46019be39b82c120c3d35639a95bc4ee2d08f36ecdf469345",
                "sha256:c03ce53690fe492845e14f4ab7e67d5a429a06db99b226b5c7caa23081c1e2bb",
                "sha256:c59b9280284b791377b3524c8e39ca7b74ae2881ba1a6c51b36f4f1bb94cee49",
                "sha256:d18b4c8cacbb141979bb44355ee5813dd4d307e9d79b3a36d66eca7e0a203df8",
                "sha256:d1e5563e3b7f844dbc48d709c9e4a75647e11d0387cc1fa0c861d3e9d34bc844",
                "sha256:d22c897b65b1408509099f1c3334bd3704f5e4eb7c0486c57d0e212f71cb8f54",
                "sha256:dbec0a3a154dbf2eb85b38abaddf24964fa1c059ee0a4ad55d6f39211b1a4bca",
                "sha256:ed123037896a8db6709b8ad5acc0ed435453726ea0b63361d12de369624c2ab5",
                "sha256:f3614dabd2cc8741850597b418bcf644d4f60e73615906c3acc407b78ff720b3",
                "sha256:f9d632ce9fd485119c968ec6a7a343de698c5e014d17602ae2f110f1b05925ed",
                "sha256:fb62996c61eeff56b59ab8abfcaa0859ec2223392c03d6085048b576b567459b"
            ],
            "version": "==1.27.2"
        },
        "hiredis": {
            "hashes": [
                "sha256:01b577f84c20ecc9c07fc4c184231b08e3c3942de096fa99978e053de231c423",
                "sha256:01ff0900134166961c9e339df77c33b72f7edc5cb41739f0babcd9faa345926e",
                "sha256:03ed34a13316d0c34213c4fd46e0fa3a5299073f4d4f08e93fed8c2108b399b3",
                "sha256:040436e91df5143aff9e0debb49530d0b17a6bd52200ce568621c31ef581b10d",
                "sha256:091eb38fbf968d1c5b703e412bbbd25f43a7967d8400842cee33a5a07b33c27b",
                "sha256:102f9b9dc6ed57feb3a7c9bdf7e71cb7c278fe8df1edfcfe896bc3e0c2be9447",
                "sha256:2b4b392c7e3082860c8371fab3ae762139090f9115819e12d9f56060f9ede05d",
                "sha256:2c9cc0b986397b833073f466e6b9e9c70d1d4dc2c2c1b3e9cae3a23102ff296c",
                "sha256:2fa65a9df683bca72073cd77709ddeb289ea2b114d3775d225fbbcc5faf808c5",
                "sha256:38437a681f17c975fd22349e72c29bc643f8e7eb2d6dc5df419eac59afa4d7ce",
                "sha256:3b3428fa3cf1ee178807b52c9bee8950ab94cd4eaa9bfae8c1bbae3c49501d34",
                "sha256:3dd8c2fae7f5494978facb0e93297dd627b1a3f536f3b070cf0a7d9157a07dcb",
                "sha256:4414a96c212e732723b5c3d7c04d386ebbb2ec359e1de646322cbc3f875cbd0d",
                "sha256:48c627581ad4ef60adbac980981407939acf13a0e18f093502c7b542223c4f19",
                "sha256:4a60e71625a2d78d8ab84dfb2fa2cfd9458c964b6e6c04fea76d9ade153fb371",
                "sha256:585ace09f434e43d8a8dbeb366865b1a044d7c06319b3c7372a0a00e63b860f4",
                "sha256:74b364b3f06c9cf0a53f7df611045bc9437ed972a283fa1f0b12537236d23ddc",
                "sha256:75c65c3850e89e9daa68d1b9bedd5806f177d60aa5a7b0953b4829481cfc1f72",
                "sha256:7f052de8bf744730a9120dbdc67bfeb7605a01f69fb8e7ba5c475af33c24e145",
                "sha256:8113a7d5e87ecf57cd4ae263cc9e429adb9a3e59f5a7768da5d3312a8d0a051a",
                "sha256:84857ce239eb8ed191ac78e77ff65d52902f00f30f4ee83bf80eb71da73b70e6",
                "sha256:8644a48ddc4a40b3e3a6b9443f396c2ee353afb2d45656c4fc68d04a82e8e3f7",
                "sha256:936aa565e673536e8a211e43ec43197406f24cd1f290138bd143765079c8ba00",
                "sha256:9afeb88c67bbc663b9f27385c496da056d06ad87f55df6e393e1516cfecb0461",
                "sha256:9d62cc7880110e4f83b0a51d218f465d3095e2751fbddd34e553dbd106a929ff",
                "sha256:a1fadd062fc8d647ff39220c57ea2b48c99bb73f18223828ec97f88fc27e7898",
                "sha256:a7754a783b1e5d6f627c19d099b178059c62f782ab62b4d8ba165b9fbc2ee34c",
                "sha256:aa59dd63bb3f736de4fc2d080114429d5d369dfb3265f771778e8349d67a97a4",
                "sha256:ae2ee0992f8de249715435942137843a93db204dd7db1e7cc9bdc5a8436443e8",
                "sha256:b36842d7cf32929d568f37ec5b3173b72b2ec6572dec4d6be6ce774762215aee",
                "sha256:bcbf9379c553b5facc6c04c1e5569b44b38ff16bcbf354676287698d61ee0c92",
                "sha256:cbccbda6f1c62ab460449d9c85fdf24d0d32a6bf45176581151e53cc26a5d910",
                "sha256:d0caf98dfb8af395d6732bd16561c0a2458851bea522e39f12f04802dbf6f502",
                "sha256:d6456afeddba036def1a36d8a2758eca53202308d83db20ab5d0b66590919627",
                "sha256:dbaef9a21a4f10bc281684ee4124f169e62bb533c2a92b55f8c06f64f9af7b8f",
                "sha256:dce84916c09aaece006272b37234ae84a8ed13abb3a4d341a23933b8701abfb5",
                "sha256:eb8c9c8b9869539d58d60ff4a28373a22514d40495911451343971cb4835b7a9",
                "sha256:efc98b14ee3a8595e40b1425e8d42f5fd26f11a7b215a81ef9259068931754f4",
                "sha256:fa2dc05b87d97acc1c6ae63f3e0f39eae5246565232484b08db6bf2dc1580678",
                "sha256:fe7d6ce9f6a5fbe24f09d95ea93e9c7271abc4e1565da511e1449b107b4d7848"
            ],
            "index": "pypi",
            "version": "==1.0.1"
        },
        "importlib-metadata": {
            "hashes": [
                "sha256:06f5b3a99029c7134207dd882428a66992a9de2bef7c2b699b5641f9886c3302",
                "sha256:b97607a1a18a5100839aec1dc26a1ea17ee0d93b20b0f008d80a5a050afb200b"
            ],
            "markers": "python_version < '3.8'",
            "version": "==1.5.0"
        },
        "more-itertools": {
            "hashes": [
                "sha256:5dd8bcf33e5f9513ffa06d5ad33d78f31e1931ac9a18f33d37e77a180d393a7c",
                "sha256:b1ddb932186d8a6ac451e1d95844b382f55e12686d51ca0c68b6f61f2ab7a507"
            ],
            "version": "==8.2.0"
        },
        "mypy-extensions": {
            "hashes": [
                "sha256:090fedd75945a69ae91ce1303b5824f428daf5a028d2f6ab8a299250a846f15d",
                "sha256:2d82818f5bb3e369420cb3c4060a7970edba416647068eb4c5343488a6c604a8"
            ],
            "version": "==0.4.3"
        },
        "packaging": {
            "hashes": [
                "sha256:3c292b474fda1671ec57d46d739d072bfd495a4f51ad01a055121d81e952b7a3",
                "sha256:82f77b9bee21c1bafbf35a84905d604d5d1223801d639cf3ed140bd651c08752"
            ],
            "version": "==20.3"
        },
        "pathtools": {
            "hashes": [
                "sha256:7c35c5421a39bb82e58018febd90e3b6e5db34c5443aaaf742b3f33d4655f1c0"
            ],
            "version": "==0.1.2"
        },
        "pika": {
            "hashes": [
                "sha256:4e1a1a6585a41b2341992ec32aadb7a919d649eb82904fd8e4a4e0871c8cf3af",
                "sha256:9fa76ba4b65034b878b2b8de90ff8660a59d925b087c5bb88f8fdbb4b64a1dbf"
            ],
            "version": "==1.1.0"
        },
        "pluggy": {
            "hashes": [
                "sha256:15b2acde666561e1298d71b523007ed7364de07029219b604cf808bfa1c765b0",
                "sha256:966c145cd83c96502c3c3868f50408687b38434af77734af1e9ca461a4081d2d"
            ],
            "version": "==0.13.1"
        },
        "prometheus-client": {
            "hashes": [
                "sha256:71cd24a2b3eb335cb800c7159f423df1bd4dcd5171b234be15e3f31ec9f622da"
            ],
            "version": "==0.7.1"
        },
        "protobuf": {
            "hashes": [
                "sha256:00a1b0b352dc7c809749526d1688a64b62ea400c5b05416f93cfb1b11a036295",
                "sha256:01acbca2d2c8c3f7f235f1842440adbe01bbc379fa1cbdd80753801432b3fae9",
                "sha256:0a795bca65987b62d6b8a2d934aa317fd1a4d06a6dd4df36312f5b0ade44a8d9",
                "sha256:0ec035114213b6d6e7713987a759d762dd94e9f82284515b3b7331f34bfaec7f",
                "sha256:31b18e1434b4907cb0113e7a372cd4d92c047ce7ba0fa7ea66a404d6388ed2c1",
                "sha256:32a3abf79b0bef073c70656e86d5bd68a28a1fbb138429912c4fc07b9d426b07",
                "sha256:55f85b7808766e5e3f526818f5e2aeb5ba2edcc45bcccede46a3ccc19b569cb0",
                "sha256:64ab9bc971989cbdd648c102a96253fdf0202b0c38f15bd34759a8707bdd5f64",
                "sha256:64cf847e843a465b6c1ba90fb6c7f7844d54dbe9eb731e86a60981d03f5b2e6e",
                "sha256:917c8662b585470e8fd42f052661fc66d59fccaae450a60044307dcbf82a3335",
                "sha256:afed9003d7f2be2c3df20f64220c30faec441073731511728a2cb4cab4cd46a6",
                "sha256:bf8e05d638b585d1752c5a84247134a0350d3a8b73d3632489a014a9f6f1e758",
                "sha256:d831b047bd69becaf64019a47179eb22118a50dd008340655266a906c69c6417",
                "sha256:de2760583ed28749ff885789c1cbc6c9c06d6de92fc825740ab99deb2f25ea4d",
                "sha256:eabc4cf1bc19689af8022ba52fd668564a8d96e0d08f3b4732d26a64255216a4",
                "sha256:fcff6086c86fb1628d94ea455c7b9de898afc50378042927a59df8065a79a549"
            ],
            "version": "==3.9.1"
        },
        "py": {
            "hashes": [
                "sha256:5e27081401262157467ad6e7f851b7aa402c5852dbcb3dae06768434de5752aa",
                "sha256:c20fdd83a5dbc0af9efd622bee9a5564e278f6380fffcacc43ba6f43db2813b0"
            ],
            "version": "==1.8.1"
        },
        "pyblake2": {
            "hashes": [
                "sha256:3757f7ad709b0e1b2a6b3919fa79fe3261f166fc375cd521f2be480f8319dde9",
                "sha256:407e02c7f8f36fcec1b7aa114ddca0c1060c598142ea6f6759d03710b946a7e3",
                "sha256:4d47b4a2c1d292b1e460bde1dda4d13aa792ed2ed70fcc263b6bc24632c8e902",
                "sha256:5ccc7eb02edb82fafb8adbb90746af71460fbc29aa0f822526fc976dff83e93f",
                "sha256:8043267fbc0b2f3748c6920591cd0b8b5609dcce60c504c32858aa36206386f2",
                "sha256:982295a87907d50f4723db6bc724660da76b6547826d52160171d54f95b919ac",
                "sha256:baa2190bfe549e36163aa44664d4ee3a9080b236fc5d42f50dc6fd36bbdc749e",
                "sha256:c53417ee0bbe77db852d5fd1036749f03696ebc2265de359fe17418d800196c4",
                "sha256:fbc9fcde75713930bc2a91b149e97be2401f7c9c56d735b46a109210f58d7358"
            ],
            "version": "==1.1.2"
        },
        "pycparser": {
            "hashes": [
                "sha256:2d475327684562c3a96cc71adf7dc8c4f0565175cf86b6d7a404ff4c771f15f0",
                "sha256:7582ad22678f0fcd81102833f60ef8d0e57288b6b5fb00323d101be910e35705"
            ],
            "version": "==2.20"
        },
        "pycryptodome": {
            "hashes": [
                "sha256:042ae873baadd0c33b4d699a5c5b976ade3233a979d972f98ca82314632d868c",
                "sha256:0502876279772b1384b660ccc91563d04490d562799d8e2e06b411e2d81128a9",
                "sha256:2de33ed0a95855735d5a0fc0c39603314df9e78ee8bbf0baa9692fb46b3b8bbb",
                "sha256:319e568baf86620b419d53063b18c216abf924875966efdfe06891b987196a45",
                "sha256:4372ec7518727172e1605c0843cdc5375d4771e447b8148c787b860260aae151",
                "sha256:48821950ffb9c836858d8fa09d7840b6df52eadd387a3c5acece55cb387743f9",
                "sha256:4b9533d4166ca07abdd49ce9d516666b1df944997fe135d4b21ac376aa624aff",
                "sha256:54456cf85130e01674d21fb1ab89ffccacb138a8ade88d72fa2b0ac898d2798b",
                "sha256:56fdd0e425f1b8fd3a00b6d96351f86226674974814c50534864d0124d48871f",
                "sha256:57b1b707363490c495ad0eeb38bd1b0e1697c497af25fad78d3a1ebf0477fd5b",
                "sha256:5c485ed6e9718ebcaa81138fa70ace9c563d202b56a8cee119b4085b023931f5",
                "sha256:63c103a22cbe9752f6ea9f1a0de129995bad91c4d03a66c67cffcf6ee0c9f1e1",
                "sha256:68fab8455efcbfe87c5d75015476f9b606227ffe244d57bfd66269451706e899",
                "sha256:6c2720696b10ae356040e888bde1239b8957fe18885ccf5e7b4e8dec882f0856",
                "sha256:72166c2ac520a5dbd2d90208b9c279161ec0861662a621892bd52fb6ca13ab91",
                "sha256:7c52308ac5b834331b2f107a490b2c27de024a229b61df4cdc5c131d563dfe98",
                "sha256:87d8d85b4792ca5e730fb7a519fbc3ed976c59dcf79c5204589c59afd56b9926",
                "sha256:896e9b6fd0762aa07b203c993fbbee7a1f1a4674c6886afd7bfa86f3d1be98a8",
                "sha256:8a799bea3c6617736e914a2e77c409f52893d382f619f088f8a80e2e21f573c1",
                "sha256:9d9945ac8375d5d8e60bd2a2e1df5882eaa315522eedf3ca868b1546dfa34eba",
                "sha256:9ef966c727de942de3e41aa8462c4b7b4bca70f19af5a3f99e31376589c11aac",
                "sha256:a168e73879619b467072509a223282a02c8047d932a48b74fbd498f27224aa04",
                "sha256:a30f501bbb32e01a49ef9e09ca1260e5ab49bf33a257080ec553e08997acc487",
                "sha256:a8ca2450394d3699c9f15ef25e8de9a24b401933716a1e39d37fa01f5fe3c58b",
                "sha256:aec4d42deb836b8fb3ba32f2ba1ef0d33dd3dc9d430b1479ee7a914490d15b5e",
                "sha256:b4af098f2a50f8d048ab12cabb59456585c0acf43d90ee79782d2d6d0ed59dba",
                "sha256:b55c60c321ac91945c60a40ac9896ac7a3d432bb3e8c14006dfd82ad5871c331",
                "sha256:c53348358408d94869059e16fba5ff3bef8c52c25b18421472aba272b9bb450f",
                "sha256:cbfd97f9e060f0d30245cd29fa267a9a84de9da97559366fca0a3f7655acc63f",
                "sha256:d3fe3f33ad52bf0c19ee6344b695ba44ffbfa16f3c29ca61116b48d97bd970fb",
                "sha256:e3a79a30d15d9c7c284a7734036ee8abdb5ca3a6f5774d293cdc9e1358c1dc10",
                "sha256:eec0689509389f19875f66ae8dedd59f982240cdab31b9f78a8dc266011df93a"
            ],
            "version": "==3.9.4"
        },
        "pyparsing": {
            "hashes": [
                "sha256:4c830582a84fb022400b85429791bc551f1f4871c33f23e44f353119e92f969f",
                "sha256:c342dccb5250c08d45fd6f8b4a559613ca603b57498511740e65cd11a2e7dcec"
            ],
            "version": "==2.4.6"
        },
        "pytest": {
            "hashes": [
                "sha256:0e5b30f5cb04e887b91b1ee519fa3d89049595f428c1db76e73bd7f17b09b172",
                "sha256:84dde37075b8805f3d1f392cc47e38a0e59518fb46a431cfdaf7cf1ce805f970"
            ],
            "index": "pypi",
            "version": "==5.4.1"
        },
        "pytz": {
            "hashes": [
                "sha256:1c557d7d0e871de1f5ccd5833f60fb2550652da6be2693c1e02300743d21500d",
                "sha256:b02c06db6cf09c12dd25137e563b31700d3b80fcc4ad23abb7a315f2789819be"
            ],
            "version": "==2019.3"
        },
        "pyyaml": {
            "hashes": [
                "sha256:059b2ee3194d718896c0ad077dd8c043e5e909d9180f387ce42012662a4946d6",
                "sha256:1cf708e2ac57f3aabc87405f04b86354f66799c8e62c28c5fc5f88b5521b2dbf",
                "sha256:24521fa2890642614558b492b473bee0ac1f8057a7263156b02e8b14c88ce6f5",
                "sha256:4fee71aa5bc6ed9d5f116327c04273e25ae31a3020386916905767ec4fc5317e",
                "sha256:70024e02197337533eef7b85b068212420f950319cc8c580261963aefc75f811",
                "sha256:74782fbd4d4f87ff04159e986886931456a1894c61229be9eaf4de6f6e44b99e",
                "sha256:940532b111b1952befd7db542c370887a8611660d2b9becff75d39355303d82d",
                "sha256:cb1f2f5e426dc9f07a7681419fe39cee823bb74f723f36f70399123f439e9b20",
                "sha256:dbbb2379c19ed6042e8f11f2a2c66d39cceb8aeace421bfc29d085d93eda3689",
                "sha256:e3a057b7a64f1222b56e47bcff5e4b94c4f61faac04c7c4ecb1985e18caa3994",
                "sha256:e9f45bd5b92c7974e59bcd2dcc8631a6b6cc380a904725fce7bc08872e691615"
            ],
            "version": "==5.3"
        },
        "redis": {
            "hashes": [
                "sha256:0dcfb335921b88a850d461dc255ff4708294943322bd55de6cfd68972490ca1f",
                "sha256:b205cffd05ebfd0a468db74f0eedbff8df1a7bfc47521516ade4692991bb0833"
            ],
            "index": "pypi",
            "version": "==3.4.1"
        },
        "six": {
            "hashes": [
                "sha256:236bdbdce46e6e6a3d61a337c0f8b763ca1e8717c03b369e87a7ec7ce1319c0a",
                "sha256:8f3cd2e254d8f793e7f3d6d9df77b92252b52637291d0f0da013c76ea2724b6c"
            ],
            "version": "==1.14.0"
        },
        "sortedcontainers": {
            "hashes": [
                "sha256:974e9a32f56b17c1bac2aebd9dcf197f3eb9cd30553c5852a3187ad162e1a03a",
                "sha256:d9e96492dd51fae31e60837736b38fe42a187b5404c16606ff7ee7cd582d4c60"
            ],
            "version": "==2.1.0"
        },
        "supervisor": {
            "hashes": [
                "sha256:2dc86fe0476e945e61483d614ceb2cf4f93b95282eb243bdf792621994360383",
                "sha256:a76b2f77a560f2dc411c0254a4eb15f555e99faac48621b0f1fc9ab013944f47"
            ],
            "index": "pypi",
            "version": "==4.1.0"
        },
        "toml": {
            "hashes": [
                "sha256:229f81c57791a41d65e399fc06bf0848bab550a9dfd5ed66df18ce5f05e73d5c",
                "sha256:235682dd292d5899d361a811df37e04a8828a5b1da3115886b73cf81ebc9100e"
            ],
            "version": "==0.10.0"
        },
        "tox": {
            "hashes": [
                "sha256:0cbe98369081fa16bd6f1163d3d0b2a62afa29d402ccfad2bd09fb2668be0956",
                "sha256:676f1e3e7de245ad870f956436b84ea226210587d1f72c8dfb8cd5ac7b6f0e70"
            ],
            "index": "pypi",
            "version": "==3.14.5"
        },
        "typing-extensions": {
            "hashes": [
                "sha256:091ecc894d5e908ac75209f10d5b4f118fbdb2eb1ede6a63544054bb1edb41f2",
                "sha256:910f4656f54de5993ad9304959ce9bb903f90aadc7c67a0bef07e678014e892d",
                "sha256:cf8b63fedea4d89bab840ecbb93e75578af28f76f66c35889bd7065f5af88575"
            ],
            "version": "==3.7.4.1"
        },
        "typing-inspect": {
            "hashes": [
                "sha256:75c97b7854426a129f3184c68588db29091ff58e6908ed520add1d52fc44df6e",
                "sha256:811b44f92e780b90cfe7bac94249a4fae87cfaa9b40312765489255045231d9c",
                "sha256:c6ed1cd34860857c53c146a6704a96da12e1661087828ce350f34addc6e5eee3"
            ],
            "index": "pypi",
            "version": "==0.5.0"
        },
        "tzlocal": {
            "hashes": [
                "sha256:11c9f16e0a633b4b60e1eede97d8a46340d042e67b670b290ca526576e039048",
                "sha256:949b9dd5ba4be17190a80c0268167d7e6c92c62b30026cf9764caf3e308e5590"
            ],
            "version": "==2.0.0"
        },
        "virtualenv": {
            "hashes": [
                "sha256:10750cac3b5a9e6eed54d0f1f8222c550dc47f84609c95cbc504d44a58a048b8",
                "sha256:8512e83f1d90f8e481024d58512ac9c053bf16f54d9138520a0929396820dd78"
            ],
            "version": "==20.0.10"
        },
        "watchdog": {
            "hashes": [
                "sha256:7e65882adb7746039b6f3876ee174952f8eaaa34491ba34333ddf1fe35de4162"
            ],
            "version": "==0.8.3"
        },
        "watchdog-gevent": {
            "hashes": [
                "sha256:a9ef201bbbbaa1f87a6e4c164d55cd077cc9b4406b2f7444854d2bbde7a599de",
                "sha256:d19f1276a728dfb3ae3f1c8ada6e791f1726fd4336dff18b4ea35ed3ade35c6a"
            ],
            "version": "==0.1"
        },
        "wcwidth": {
            "hashes": [
                "sha256:8fd29383f539be45b20bd4df0dc29c20ba48654a41e661925e612311e9f3c603",
                "sha256:f28b3e8a6483e5d49e7f8949ac1a78314e740333ae305b4ba5defd3e74fb37a8"
            ],
            "version": "==0.1.8"
        },
        "zipp": {
            "hashes": [
                "sha256:aa36550ff0c0b7ef7fa639055d797116ee891440eac1a56f378e2d3179e0320b",
                "sha256:c599e4d75c98f6798c509911d08a22e6c021d074469042177c8c86fb92eefd96"
            ],
            "version": "==3.1.0"
        }
    },
    "develop": {
        "astroid": {
            "hashes": [
                "sha256:71ea07f44df9568a75d0f354c49143a4575d90645e9fead6dfb52c26a85ed13a",
                "sha256:840947ebfa8b58f318d42301cf8c0a20fd794a33b61cc4638e28e9e61ba32f42"
            ],
            "version": "==2.3.3"
        },
        "isort": {
            "hashes": [
                "sha256:54da7e92468955c4fceacd0c86bd0ec997b0e1ee80d97f67c35a78b719dccab1",
                "sha256:6e811fcb295968434526407adb8796944f1988c5b65e8139058f2014cbe100fd"
            ],
            "version": "==4.3.21"
        },
        "lazy-object-proxy": {
            "hashes": [
                "sha256:0c4b206227a8097f05c4dbdd323c50edf81f15db3b8dc064d08c62d37e1a504d",
                "sha256:194d092e6f246b906e8f70884e620e459fc54db3259e60cf69a4d66c3fda3449",
                "sha256:1be7e4c9f96948003609aa6c974ae59830a6baecc5376c25c92d7d697e684c08",
                "sha256:4677f594e474c91da97f489fea5b7daa17b5517190899cf213697e48d3902f5a",
                "sha256:48dab84ebd4831077b150572aec802f303117c8cc5c871e182447281ebf3ac50",
                "sha256:5541cada25cd173702dbd99f8e22434105456314462326f06dba3e180f203dfd",
                "sha256:59f79fef100b09564bc2df42ea2d8d21a64fdcda64979c0fa3db7bdaabaf6239",
                "sha256:8d859b89baf8ef7f8bc6b00aa20316483d67f0b1cbf422f5b4dc56701c8f2ffb",
                "sha256:9254f4358b9b541e3441b007a0ea0764b9d056afdeafc1a5569eee1cc6c1b9ea",
                "sha256:9651375199045a358eb6741df3e02a651e0330be090b3bc79f6d0de31a80ec3e",
                "sha256:97bb5884f6f1cdce0099f86b907aa41c970c3c672ac8b9c8352789e103cf3156",
                "sha256:9b15f3f4c0f35727d3a0fba4b770b3c4ebbb1fa907dbcc046a1d2799f3edd142",
                "sha256:a2238e9d1bb71a56cd710611a1614d1194dc10a175c1e08d75e1a7bcc250d442",
                "sha256:a6ae12d08c0bf9909ce12385803a543bfe99b95fe01e752536a60af2b7797c62",
                "sha256:ca0a928a3ddbc5725be2dd1cf895ec0a254798915fb3a36af0964a0a4149e3db",
                "sha256:cb2c7c57005a6804ab66f106ceb8482da55f5314b7fcb06551db1edae4ad1531",
                "sha256:d74bb8693bf9cf75ac3b47a54d716bbb1a92648d5f781fc799347cfc95952383",
                "sha256:d945239a5639b3ff35b70a88c5f2f491913eb94871780ebfabb2568bd58afc5a",
                "sha256:eba7011090323c1dadf18b3b689845fd96a61ba0a1dfbd7f24b921398affc357",
                "sha256:efa1909120ce98bbb3777e8b6f92237f5d5c8ea6758efea36a473e1d38f7d3e4",
                "sha256:f3900e8a5de27447acbf900b4750b0ddfd7ec1ea7fbaf11dfa911141bc522af0"
            ],
            "version": "==1.4.3"
        },
        "mccabe": {
            "hashes": [
                "sha256:ab8a6258860da4b6677da4bd2fe5dc2c659cff31b3ee4f7f5d64e79735b80d42",
                "sha256:dd8d182285a0fe56bace7f45b5e7d1a6ebcbf524e8f3bd87eb0f125271b8831f"
            ],
            "version": "==0.6.1"
        },
        "pylint": {
            "hashes": [
                "sha256:3db5468ad013380e987410a8d6956226963aed94ecb5f9d3a28acca6d9ac36cd",
                "sha256:886e6afc935ea2590b462664b161ca9a5e40168ea99e5300935f6591ad467df4"
            ],
            "index": "pypi",
            "version": "==2.4.4"
        },
        "six": {
            "hashes": [
                "sha256:236bdbdce46e6e6a3d61a337c0f8b763ca1e8717c03b369e87a7ec7ce1319c0a",
                "sha256:8f3cd2e254d8f793e7f3d6d9df77b92252b52637291d0f0da013c76ea2724b6c"
            ],
            "version": "==1.14.0"
        },
        "typed-ast": {
            "hashes": [
                "sha256:0666aa36131496aed8f7be0410ff974562ab7eeac11ef351def9ea6fa28f6355",
                "sha256:0c2c07682d61a629b68433afb159376e24e5b2fd4641d35424e462169c0a7919",
                "sha256:249862707802d40f7f29f6e1aad8d84b5aa9e44552d2cc17384b209f091276aa",
                "sha256:24995c843eb0ad11a4527b026b4dde3da70e1f2d8806c99b7b4a7cf491612652",
                "sha256:269151951236b0f9a6f04015a9004084a5ab0d5f19b57de779f908621e7d8b75",
                "sha256:4083861b0aa07990b619bd7ddc365eb7fa4b817e99cf5f8d9cf21a42780f6e01",
                "sha256:498b0f36cc7054c1fead3d7fc59d2150f4d5c6c56ba7fb150c013fbc683a8d2d",
                "sha256:4e3e5da80ccbebfff202a67bf900d081906c358ccc3d5e3c8aea42fdfdfd51c1",
                "sha256:6daac9731f172c2a22ade6ed0c00197ee7cc1221aa84cfdf9c31defeb059a907",
                "sha256:715ff2f2df46121071622063fc7543d9b1fd19ebfc4f5c8895af64a77a8c852c",
                "sha256:73d785a950fc82dd2a25897d525d003f6378d1cb23ab305578394694202a58c3",
                "sha256:8c8aaad94455178e3187ab22c8b01a3837f8ee50e09cf31f1ba129eb293ec30b",
                "sha256:8ce678dbaf790dbdb3eba24056d5364fb45944f33553dd5869b7580cdbb83614",
                "sha256:aaee9905aee35ba5905cfb3c62f3e83b3bec7b39413f0a7f19be4e547ea01ebb",
                "sha256:bcd3b13b56ea479b3650b82cabd6b5343a625b0ced5429e4ccad28a8973f301b",
                "sha256:c9e348e02e4d2b4a8b2eedb48210430658df6951fa484e59de33ff773fbd4b41",
                "sha256:d205b1b46085271b4e15f670058ce182bd1199e56b317bf2ec004b6a44f911f6",
                "sha256:d43943ef777f9a1c42bf4e552ba23ac77a6351de620aa9acf64ad54933ad4d34",
                "sha256:d5d33e9e7af3b34a40dc05f498939f0ebf187f07c385fd58d591c533ad8562fe",
                "sha256:fc0fea399acb12edbf8a628ba8d2312f583bdbdb3335635db062fa98cf71fca4",
                "sha256:fe460b922ec15dd205595c9b5b99e2f056fd98ae8f9f56b888e7a17dc2b757e7"
            ],
            "markers": "implementation_name == 'cpython' and python_version < '3.8'",
            "version": "==1.4.1"
        },
        "wrapt": {
            "hashes": [
                "sha256:565a021fd19419476b9362b05eeaa094178de64f8361e44468f9e9d7843901e1"
            ],
            "version": "==1.11.2"
        }
    }
}
